
Microsoft Visual Studio Solution File, Format Version 12.00
# Visual Studio Version 16
VisualStudioVersion = 16.0.31105.61
MinimumVisualStudioVersion = 10.0.40219.1
Project("{9A19103F-16F7-4668-BE54-9A1E7A4F7556}") = "MiniGameTest", "MiniGameTest\MiniGameTest.csproj", "{70344F26-D476-42F7-8D8B-7878DFD658F8}"
EndProject
Project("{54435603-DBB4-11D2-8724-00A0C9A8B90C}") = "MiniGame", "MiniGame\MiniGame.vdproj", "{0F0F992E-667A-43AC-81D3-E2228F66355B}"
EndProject
Global
	GlobalSection(SolutionConfigurationPlatforms) = preSolution
		Debug|Any CPU = Debug|Any CPU
		Release|Any CPU = Release|Any CPU
	EndGlobalSection
	GlobalSection(ProjectConfigurationPlatforms) = postSolution
		{70344F26-D476-42F7-8D8B-7878DFD658F8}.Debug|Any CPU.ActiveCfg = Debug|Any CPU
		{70344F26-D476-42F7-8D8B-7878DFD658F8}.Debug|Any CPU.Build.0 = Debug|Any CPU
		{70344F26-D476-42F7-8D8B-7878DFD658F8}.Release|Any CPU.ActiveCfg = Release|Any CPU
		{70344F26-D476-42F7-8D8B-7878DFD658F8}.Release|Any CPU.Build.0 = Release|Any CPU
		{0F0F992E-667A-43AC-81D3-E2228F66355B}.Debug|Any CPU.ActiveCfg = Debug
		{0F0F992E-667A-43AC-81D3-E2228F66355B}.Release|Any CPU.ActiveCfg = Release
	EndGlobalSection
	GlobalSection(SolutionProperties) = preSolution
		HideSolutionNode = FALSE
	EndGlobalSection
	GlobalSection(ExtensibilityGlobals) = postSolution
		SolutionGuid = {89CA6018-84AF-4A07-8A53-FE88AADA59FF}
	EndGlobalSection
EndGlobal
